{
  "name": "@junryo/ldate",
  "version": "1.0.0",
  "lockfileVersion": 1,
  "requires": true,
  "dependencies": {
    "@junryo/astrology-utils": {
      "version": "file:junryo-astrology-utils-0.0.1.tgz",
      "integrity": "sha512-F1+IwjIbNnvuQH4wnnlDe45b0n+K7Sc4uHKx+xJHTMvO+igW1fPFwogHr2YXZa1KbSqWJ6vUQ85KN8PjmDRiEw=="
    }
  }
}
